
Microsoft Visual Studio Solution File, Format Version 12.00
# Visual Studio Version 17
VisualStudioVersion = 17.8.34330.188
MinimumVisualStudioVersion = 10.0.40219.1
Project("{FAE04EC0-301F-11D3-BF4B-00C04F79EFBC}") = "first", "first\first.csproj", "{87DEC111-EB54-4B37-8DBD-0874C9684144}"
EndProject
Global
	GlobalSection(SolutionConfigurationPlatforms) = preSolution
		Debug|Any CPU = Debug|Any CPU
		Release|Any CPU = Release|Any CPU
	EndGlobalSection
	GlobalSection(ProjectConfigurationPlatforms) = postSolution
		{87DEC111-EB54-4B37-8DBD-0874C9684144}.Debug|Any CPU.ActiveCfg = Debug|Any CPU
		{87DEC111-EB54-4B37-8DBD-0874C9684144}.Debug|Any CPU.Build.0 = Debug|Any CPU
		{87DEC111-EB54-4B37-8DBD-0874C9684144}.Debug|Any CPU.Deploy.0 = Debug|Any CPU
		{87DEC111-EB54-4B37-8DBD-0874C9684144}.Release|Any CPU.ActiveCfg = Release|Any CPU
		{87DEC111-EB54-4B37-8DBD-0874C9684144}.Release|Any CPU.Build.0 = Release|Any CPU
		{87DEC111-EB54-4B37-8DBD-0874C9684144}.Release|Any CPU.Deploy.0 = Release|Any CPU
	EndGlobalSection
	GlobalSection(SolutionProperties) = preSolution
		HideSolutionNode = FALSE
	EndGlobalSection
	GlobalSection(ExtensibilityGlobals) = postSolution
		SolutionGuid = {D957B9F8-469A-4F5A-A708-9111575F3ECF}
	EndGlobalSection
EndGlobal
